// !$*UTF8*$!
{
	archiveVersion = 1;
	classes = {
	};
	objectVersion = 77;
	objects = {

/* Begin PBXBuildFile section */
		30DC27072DD591D00081F80C /* ARKit.framework in Frameworks */ = {isa = PBXBuildFile; fileRef = 30DC27062DD591D00081F80C /* ARKit.framework */; };
		30DC27092DD591E20081F80C /* RealityKit.framework in Frameworks */ = {isa = PBXBuildFile; fileRef = 30DC27082DD591E20081F80C /* RealityKit.framework */; };
		30DC270C2DD592D10081F80C /* GoogleGenerativeAI in Frameworks */ = {isa = PBXBuildFile; productRef = 30DC270B2DD592D10081F80C /* GoogleGenerativeAI */; };
		688718182DDBB15F002A81AF /* Kingfisher in Frameworks */ = {isa = PBXBuildFile; productRef = 688718172DDBB15F002A81AF /* Kingfisher */; };
		68CE26C62DD88BFF00365F01 /* FirebaseAuth in Frameworks */ = {isa = PBXBuildFile; productRef = 68CE26C52DD88BFF00365F01 /* FirebaseAuth */; };
		68CE26C82DD88BFF00365F01 /* FirebaseDatabase in Frameworks */ = {isa = PBXBuildFile; productRef = 68CE26C72DD88BFF00365F01 /* FirebaseDatabase */; };
		68CE26CA2DD88BFF00365F01 /* FirebaseFirestore in Frameworks */ = {isa = PBXBuildFile; productRef = 68CE26C92DD88BFF00365F01 /* FirebaseFirestore */; };
		68CE26CC2DD88C6200365F01 /* FirebaseCore in Frameworks */ = {isa = PBXBuildFile; productRef = 68CE26CB2DD88C6200365F01 /* FirebaseCore */; };
		68CE26CE2DD88C6200365F01 /* FirebaseStorage in Frameworks */ = {isa = PBXBuildFile; productRef = 68CE26CD2DD88C6200365F01 /* FirebaseStorage */; };
		A1900C3A2E90E8A600F25390 /* AnimationModelCache.swift in Sources */ = {isa = PBXBuildFile; fileRef = A1900C392E90E8A600F25390 /* AnimationModelCache.swift */; };
		A1900C402E91012F00F25390 /* ARText.swift in Sources */ = {isa = PBXBuildFile; fileRef = A1900C3F2E91012F00F25390 /* ARText.swift */; };
		C44930C22E8E7B2E00D04D8A /* CutAnimation.swift in Sources */ = {isa = PBXBuildFile; fileRef = C44930882E8E7B2E00D04D8A /* CutAnimation.swift */; };
		C44930C32E8E7B2E00D04D8A /* SprinkleAnimation.swift in Sources */ = {isa = PBXBuildFile; fileRef = C449308E2E8E7B2E00D04D8A /* SprinkleAnimation.swift */; };
		C44930C42E8E7B2E00D04D8A /* TemperatureAnimation.swift in Sources */ = {isa = PBXBuildFile; fileRef = C44930902E8E7B2E00D04D8A /* TemperatureAnimation.swift */; };
		C44930C52E8E7B2E00D04D8A /* Animation.swift in Sources */ = {isa = PBXBuildFile; fileRef = C44930852E8E7B2E00D04D8A /* Animation.swift */; };
		C44930C62E8E7B2E00D04D8A /* CountdownAnimation.swift in Sources */ = {isa = PBXBuildFile; fileRef = C44930872E8E7B2E00D04D8A /* CountdownAnimation.swift */; };
		C44930C72E8E7B2E00D04D8A /* HandGestureController.swift in Sources */ = {isa = PBXBuildFile; fileRef = C44930BE2E8E7B2E00D04D8A /* HandGestureController.swift */; };
		C44930C82E8E7B2E00D04D8A /* CookingARView.swift in Sources */ = {isa = PBXBuildFile; fileRef = C44930BC2E8E7B2E00D04D8A /* CookingARView.swift */; };
		C44930C92E8E7B2E00D04D8A /* FlipAnimation.swift in Sources */ = {isa = PBXBuildFile; fileRef = C449308A2E8E7B2E00D04D8A /* FlipAnimation.swift */; };
		C44930CA2E8E7B2E00D04D8A /* PutIntoContainerAnimation.swift in Sources */ = {isa = PBXBuildFile; fileRef = C449308D2E8E7B2E00D04D8A /* PutIntoContainerAnimation.swift */; };
		C44930CB2E8E7B2E00D04D8A /* AnimationFactory.swift in Sources */ = {isa = PBXBuildFile; fileRef = C44930B82E8E7B2E00D04D8A /* AnimationFactory.swift */; };
		C44930CC2E8E7B2E00D04D8A /* StirAnimation.swift in Sources */ = {isa = PBXBuildFile; fileRef = C449308F2E8E7B2E00D04D8A /* StirAnimation.swift */; };
		C44930CD2E8E7B2E00D04D8A /* TorchAnimation.swift in Sources */ = {isa = PBXBuildFile; fileRef = C44930912E8E7B2E00D04D8A /* TorchAnimation.swift */; };
		C44930CE2E8E7B2E00D04D8A /* AnimationManger.swift in Sources */ = {isa = PBXBuildFile; fileRef = C44930B92E8E7B2E00D04D8A /* AnimationManger.swift */; };
		C44930CF2E8E7B2E00D04D8A /* FlameAnimation.swift in Sources */ = {isa = PBXBuildFile; fileRef = C44930892E8E7B2E00D04D8A /* FlameAnimation.swift */; };
		C44930D02E8E7B2E00D04D8A /* PourLiquidAnimation.swift in Sources */ = {isa = PBXBuildFile; fileRef = C449308C2E8E7B2E00D04D8A /* PourLiquidAnimation.swift */; };
		C44930D12E8E7B2E00D04D8A /* CookDetect.mlmodel in Sources */ = {isa = PBXBuildFile; fileRef = C44930BB2E8E7B2E00D04D8A /* CookDetect.mlmodel */; };
		C44930D22E8E7B2E00D04D8A /* BeatEggAnimation.swift in Sources */ = {isa = PBXBuildFile; fileRef = C44930862E8E7B2E00D04D8A /* BeatEggAnimation.swift */; };
		C44930D32E8E7B2E00D04D8A /* ObjectDetect.swift in Sources */ = {isa = PBXBuildFile; fileRef = C44930C02E8E7B2E00D04D8A /* ObjectDetect.swift */; };
		C44930D42E8E7B2E00D04D8A /* ContentView.swift in Sources */ = {isa = PBXBuildFile; fileRef = C44930BA2E8E7B2E00D04D8A /* ContentView.swift */; };
		C44930D52E8E7B2E00D04D8A /* LRUCache.swift in Sources */ = {isa = PBXBuildFile; fileRef = C44930BF2E8E7B2E00D04D8A /* LRUCache.swift */; };
		C44930D62E8E7B2E00D04D8A /* DetectionTestView.swift in Sources */ = {isa = PBXBuildFile; fileRef = C44930BD2E8E7B2E00D04D8A /* DetectionTestView.swift */; };
		C44930D72E8E7B2E00D04D8A /* PeelAnimation.swift in Sources */ = {isa = PBXBuildFile; fileRef = C449308B2E8E7B2E00D04D8A /* PeelAnimation.swift */; };
		C44930D82E8E7B2E00D04D8A /* flip.usdz in Resources */ = {isa = PBXBuildFile; fileRef = C44930A32E8E7B2E00D04D8A /* flip.usdz */; };
		C44930D92E8E7B2E00D04D8A /* pourLiquid.usdz in Resources */ = {isa = PBXBuildFile; fileRef = C44930AD2E8E7B2E00D04D8A /* pourLiquid.usdz */; };
		C44930DA2E8E7B2E00D04D8A /* green_pepper.usdz in Resources */ = {isa = PBXBuildFile; fileRef = C44930A52E8E7B2E00D04D8A /* green_pepper.usdz */; };
		C44930DB2E8E7B2E00D04D8A /* sprinkle.usdz in Resources */ = {isa = PBXBuildFile; fileRef = C44930B02E8E7B2E00D04D8A /* sprinkle.usdz */; };
		C44930DC2E8E7B2E00D04D8A /* carrot.usdz in Resources */ = {isa = PBXBuildFile; fileRef = C44930982E8E7B2E00D04D8A /* carrot.usdz */; };
		C44930DD2E8E7B2E00D04D8A /* mushroom.usdz in Resources */ = {isa = PBXBuildFile; fileRef = C44930A82E8E7B2E00D04D8A /* mushroom.usdz */; };
		C44930DE2E8E7B2E00D04D8A /* countdown.usdz in Resources */ = {isa = PBXBuildFile; fileRef = C449309D2E8E7B2E00D04D8A /* countdown.usdz */; };
		C44930DF2E8E7B2E00D04D8A /* cheese.usdz in Resources */ = {isa = PBXBuildFile; fileRef = C44930992E8E7B2E00D04D8A /* cheese.usdz */; };
		C44930E02E8E7B2E00D04D8A /* torch.usdz in Resources */ = {isa = PBXBuildFile; fileRef = C44930B62E8E7B2E00D04D8A /* torch.usdz */; };
		C44930E12E8E7B2E00D04D8A /* bacon.usdz in Resources */ = {isa = PBXBuildFile; fileRef = C44930932E8E7B2E00D04D8A /* bacon.usdz */; };
		C44930E22E8E7B2E00D04D8A /* noodle.usdz in Resources */ = {isa = PBXBuildFile; fileRef = C44930A92E8E7B2E00D04D8A /* noodle.usdz */; };
		C44930E32E8E7B2E00D04D8A /* tofu.usdz in Resources */ = {isa = PBXBuildFile; fileRef = C44930B42E8E7B2E00D04D8A /* tofu.usdz */; };
		C44930E42E8E7B2E00D04D8A /* butter.usdz in Resources */ = {isa = PBXBuildFile; fileRef = C44930972E8E7B2E00D04D8A /* butter.usdz */; };
		C44930E52E8E7B2E00D04D8A /* onion.usdz in Resources */ = {isa = PBXBuildFile; fileRef = C44930AA2E8E7B2E00D04D8A /* onion.usdz */; };
		C44930E62E8E7B2E00D04D8A /* stir.usdz in Resources */ = {isa = PBXBuildFile; fileRef = C44930B22E8E7B2E00D04D8A /* stir.usdz */; };
		C44930E72E8E7B2E00D04D8A /* peel.usdz in Resources */ = {isa = PBXBuildFile; fileRef = C44930AB2E8E7B2E00D04D8A /* peel.usdz */; };
		C44930E82E8E7B2E00D04D8A /* chili.usdz in Resources */ = {isa = PBXBuildFile; fileRef = C449309B2E8E7B2E00D04D8A /* chili.usdz */; };
		C44930E92E8E7B2E00D04D8A /* cut.usdz in Resources */ = {isa = PBXBuildFile; fileRef = C449309E2E8E7B2E00D04D8A /* cut.usdz */; };
		C44930EA2E8E7B2E00D04D8A /* chickenThigh.usdz in Resources */ = {isa = PBXBuildFile; fileRef = C449309A2E8E7B2E00D04D8A /* chickenThigh.usdz */; };
		C44930EB2E8E7B2E00D04D8A /* meat.usdz in Resources */ = {isa = PBXBuildFile; fileRef = C44930A72E8E7B2E00D04D8A /* meat.usdz */; };
		C44930EC2E8E7B2E00D04D8A /* potato.usdz in Resources */ = {isa = PBXBuildFile; fileRef = C44930AC2E8E7B2E00D04D8A /* potato.usdz */; };
		C44930ED2E8E7B2E00D04D8A /* brocoli.usdz in Resources */ = {isa = PBXBuildFile; fileRef = C44930962E8E7B2E00D04D8A /* brocoli.usdz */; };
		C44930EE2E8E7B2E00D04D8A /* corn.usdz in Resources */ = {isa = PBXBuildFile; fileRef = C449309C2E8E7B2E00D04D8A /* corn.usdz */; };
		C44930EF2E8E7B2E00D04D8A /* temperature.usdz in Resources */ = {isa = PBXBuildFile; fileRef = C44930B32E8E7B2E00D04D8A /* temperature.usdz */; };
		C44930F02E8E7B2E00D04D8A /* egg.usdz in Resources */ = {isa = PBXBuildFile; fileRef = C449309F2E8E7B2E00D04D8A /* egg.usdz */; };
		C44930F12E8E7B2E00D04D8A /* flame_medium.usdz in Resources */ = {isa = PBXBuildFile; fileRef = C44930A12E8E7B2E00D04D8A /* flame_medium.usdz */; };
		C44930F22E8E7B2E00D04D8A /* flame_large.usdz in Resources */ = {isa = PBXBuildFile; fileRef = C44930A02E8E7B2E00D04D8A /* flame_large.usdz */; };
		C44930F32E8E7B2E00D04D8A /* shrimp.usdz in Resources */ = {isa = PBXBuildFile; fileRef = C44930AF2E8E7B2E00D04D8A /* shrimp.usdz */; };
		C44930F42E8E7B2E00D04D8A /* ingredient.usdz in Resources */ = {isa = PBXBuildFile; fileRef = C44930A62E8E7B2E00D04D8A /* ingredient.usdz */; };
		C44930F52E8E7B2E00D04D8A /* garlic.usdz in Resources */ = {isa = PBXBuildFile; fileRef = C44930A42E8E7B2E00D04D8A /* garlic.usdz */; };
		C44930F62E8E7B2E00D04D8A /* squid.usdz in Resources */ = {isa = PBXBuildFile; fileRef = C44930B12E8E7B2E00D04D8A /* squid.usdz */; };
		C44930F72E8E7B2E00D04D8A /* beatEgg.usdz in Resources */ = {isa = PBXBuildFile; fileRef = C44930942E8E7B2E00D04D8A /* beatEgg.usdz */; };
		C44930F82E8E7B2E00D04D8A /* flame_small.usdz in Resources */ = {isa = PBXBuildFile; fileRef = C44930A22E8E7B2E00D04D8A /* flame_small.usdz */; };
		C44930F92E8E7B2E00D04D8A /* tomato.usdz in Resources */ = {isa = PBXBuildFile; fileRef = C44930B52E8E7B2E00D04D8A /* tomato.usdz */; };
		C44930FA2E8E7B2E00D04D8A /* salmon.usdz in Resources */ = {isa = PBXBuildFile; fileRef = C44930AE2E8E7B2E00D04D8A /* salmon.usdz */; };
		C44930FB2E8E7B2E00D04D8A /* brazil.usdz in Resources */ = {isa = PBXBuildFile; fileRef = C44930952E8E7B2E00D04D8A /* brazil.usdz */; };
		C4D133442E913769005865AE /* GoogleService-Info.plist in Resources */ = {isa = PBXBuildFile; fileRef = C4D133432E913769005865AE /* GoogleService-Info.plist */; };
/* End PBXBuildFile section */

/* Begin PBXFileReference section */
		30AB0E1D2DD64F2700101557 /* ChefHelper.app */ = {isa = PBXFileReference; explicitFileType = wrapper.application; includeInIndex = 0; path = ChefHelper.app; sourceTree = BUILT_PRODUCTS_DIR; };
		30DC27062DD591D00081F80C /* ARKit.framework */ = {isa = PBXFileReference; lastKnownFileType = wrapper.framework; name = ARKit.framework; path = System/Library/Frameworks/ARKit.framework; sourceTree = SDKROOT; };
		30DC27082DD591E20081F80C /* RealityKit.framework */ = {isa = PBXFileReference; lastKnownFileType = wrapper.framework; name = RealityKit.framework; path = System/Library/Frameworks/RealityKit.framework; sourceTree = SDKROOT; };
		A1900C392E90E8A600F25390 /* AnimationModelCache.swift */ = {isa = PBXFileReference; lastKnownFileType = sourcecode.swift; path = AnimationModelCache.swift; sourceTree = "<group>"; };
		A1900C3F2E91012F00F25390 /* ARText.swift */ = {isa = PBXFileReference; lastKnownFileType = sourcecode.swift; path = ARText.swift; sourceTree = "<group>"; };
		C44930852E8E7B2E00D04D8A /* Animation.swift */ = {isa = PBXFileReference; lastKnownFileType = sourcecode.swift; path = Animation.swift; sourceTree = "<group>"; };
		C44930862E8E7B2E00D04D8A /* BeatEggAnimation.swift */ = {isa = PBXFileReference; lastKnownFileType = sourcecode.swift; path = BeatEggAnimation.swift; sourceTree = "<group>"; };
		C44930872E8E7B2E00D04D8A /* CountdownAnimation.swift */ = {isa = PBXFileReference; lastKnownFileType = sourcecode.swift; path = CountdownAnimation.swift; sourceTree = "<group>"; };
		C44930882E8E7B2E00D04D8A /* CutAnimation.swift */ = {isa = PBXFileReference; lastKnownFileType = sourcecode.swift; path = CutAnimation.swift; sourceTree = "<group>"; };
		C44930892E8E7B2E00D04D8A /* FlameAnimation.swift */ = {isa = PBXFileReference; lastKnownFileType = sourcecode.swift; path = FlameAnimation.swift; sourceTree = "<group>"; };
		C449308A2E8E7B2E00D04D8A /* FlipAnimation.swift */ = {isa = PBXFileReference; lastKnownFileType = sourcecode.swift; path = FlipAnimation.swift; sourceTree = "<group>"; };
		C449308B2E8E7B2E00D04D8A /* PeelAnimation.swift */ = {isa = PBXFileReference; lastKnownFileType = sourcecode.swift; path = PeelAnimation.swift; sourceTree = "<group>"; };
		C449308C2E8E7B2E00D04D8A /* PourLiquidAnimation.swift */ = {isa = PBXFileReference; lastKnownFileType = sourcecode.swift; path = PourLiquidAnimation.swift; sourceTree = "<group>"; };
		C449308D2E8E7B2E00D04D8A /* PutIntoContainerAnimation.swift */ = {isa = PBXFileReference; lastKnownFileType = sourcecode.swift; path = PutIntoContainerAnimation.swift; sourceTree = "<group>"; };
		C449308E2E8E7B2E00D04D8A /* SprinkleAnimation.swift */ = {isa = PBXFileReference; lastKnownFileType = sourcecode.swift; path = SprinkleAnimation.swift; sourceTree = "<group>"; };
		C449308F2E8E7B2E00D04D8A /* StirAnimation.swift */ = {isa = PBXFileReference; lastKnownFileType = sourcecode.swift; path = StirAnimation.swift; sourceTree = "<group>"; };
		C44930902E8E7B2E00D04D8A /* TemperatureAnimation.swift */ = {isa = PBXFileReference; lastKnownFileType = sourcecode.swift; path = TemperatureAnimation.swift; sourceTree = "<group>"; };
		C44930912E8E7B2E00D04D8A /* TorchAnimation.swift */ = {isa = PBXFileReference; lastKnownFileType = sourcecode.swift; path = TorchAnimation.swift; sourceTree = "<group>"; };
		C44930932E8E7B2E00D04D8A /* bacon.usdz */ = {isa = PBXFileReference; lastKnownFileType = file; path = bacon.usdz; sourceTree = "<group>"; };
		C44930942E8E7B2E00D04D8A /* beatEgg.usdz */ = {isa = PBXFileReference; lastKnownFileType = file; path = beatEgg.usdz; sourceTree = "<group>"; };
		C44930952E8E7B2E00D04D8A /* brazil.usdz */ = {isa = PBXFileReference; lastKnownFileType = file; path = brazil.usdz; sourceTree = "<group>"; };
		C44930962E8E7B2E00D04D8A /* brocoli.usdz */ = {isa = PBXFileReference; lastKnownFileType = file; path = brocoli.usdz; sourceTree = "<group>"; };
		C44930972E8E7B2E00D04D8A /* butter.usdz */ = {isa = PBXFileReference; lastKnownFileType = file; path = butter.usdz; sourceTree = "<group>"; };
		C44930982E8E7B2E00D04D8A /* carrot.usdz */ = {isa = PBXFileReference; lastKnownFileType = file; path = carrot.usdz; sourceTree = "<group>"; };
		C44930992E8E7B2E00D04D8A /* cheese.usdz */ = {isa = PBXFileReference; lastKnownFileType = file; path = cheese.usdz; sourceTree = "<group>"; };
		C449309A2E8E7B2E00D04D8A /* chickenThigh.usdz */ = {isa = PBXFileReference; lastKnownFileType = file; path = chickenThigh.usdz; sourceTree = "<group>"; };
		C449309B2E8E7B2E00D04D8A /* chili.usdz */ = {isa = PBXFileReference; lastKnownFileType = file; path = chili.usdz; sourceTree = "<group>"; };
		C449309C2E8E7B2E00D04D8A /* corn.usdz */ = {isa = PBXFileReference; lastKnownFileType = file; path = corn.usdz; sourceTree = "<group>"; };
		C449309D2E8E7B2E00D04D8A /* countdown.usdz */ = {isa = PBXFileReference; lastKnownFileType = file; path = countdown.usdz; sourceTree = "<group>"; };
		C449309E2E8E7B2E00D04D8A /* cut.usdz */ = {isa = PBXFileReference; lastKnownFileType = file; path = cut.usdz; sourceTree = "<group>"; };
		C449309F2E8E7B2E00D04D8A /* egg.usdz */ = {isa = PBXFileReference; lastKnownFileType = file; path = egg.usdz; sourceTree = "<group>"; };
		C44930A02E8E7B2E00D04D8A /* flame_large.usdz */ = {isa = PBXFileReference; lastKnownFileType = file; path = flame_large.usdz; sourceTree = "<group>"; };
		C44930A12E8E7B2E00D04D8A /* flame_medium.usdz */ = {isa = PBXFileReference; lastKnownFileType = file; path = flame_medium.usdz; sourceTree = "<group>"; };
		C44930A22E8E7B2E00D04D8A /* flame_small.usdz */ = {isa = PBXFileReference; lastKnownFileType = file; path = flame_small.usdz; sourceTree = "<group>"; };
		C44930A32E8E7B2E00D04D8A /* flip.usdz */ = {isa = PBXFileReference; lastKnownFileType = file; path = flip.usdz; sourceTree = "<group>"; };
		C44930A42E8E7B2E00D04D8A /* garlic.usdz */ = {isa = PBXFileReference; lastKnownFileType = file; path = garlic.usdz; sourceTree = "<group>"; };
		C44930A52E8E7B2E00D04D8A /* green_pepper.usdz */ = {isa = PBXFileReference; lastKnownFileType = file; path = green_pepper.usdz; sourceTree = "<group>"; };
		C44930A62E8E7B2E00D04D8A /* ingredient.usdz */ = {isa = PBXFileReference; lastKnownFileType = file; path = ingredient.usdz; sourceTree = "<group>"; };
		C44930A72E8E7B2E00D04D8A /* meat.usdz */ = {isa = PBXFileReference; lastKnownFileType = file; path = meat.usdz; sourceTree = "<group>"; };
		C44930A82E8E7B2E00D04D8A /* mushroom.usdz */ = {isa = PBXFileReference; lastKnownFileType = file; path = mushroom.usdz; sourceTree = "<group>"; };
		C44930A92E8E7B2E00D04D8A /* noodle.usdz */ = {isa = PBXFileReference; lastKnownFileType = file; path = noodle.usdz; sourceTree = "<group>"; };
		C44930AA2E8E7B2E00D04D8A /* onion.usdz */ = {isa = PBXFileReference; lastKnownFileType = file; path = onion.usdz; sourceTree = "<group>"; };
		C44930AB2E8E7B2E00D04D8A /* peel.usdz */ = {isa = PBXFileReference; lastKnownFileType = file; path = peel.usdz; sourceTree = "<group>"; };
		C44930AC2E8E7B2E00D04D8A /* potato.usdz */ = {isa = PBXFileReference; lastKnownFileType = file; path = potato.usdz; sourceTree = "<group>"; };
		C44930AD2E8E7B2E00D04D8A /* pourLiquid.usdz */ = {isa = PBXFileReference; lastKnownFileType = file; path = pourLiquid.usdz; sourceTree = "<group>"; };
		C44930AE2E8E7B2E00D04D8A /* salmon.usdz */ = {isa = PBXFileReference; lastKnownFileType = file; path = salmon.usdz; sourceTree = "<group>"; };
		C44930AF2E8E7B2E00D04D8A /* shrimp.usdz */ = {isa = PBXFileReference; lastKnownFileType = file; path = shrimp.usdz; sourceTree = "<group>"; };
		C44930B02E8E7B2E00D04D8A /* sprinkle.usdz */ = {isa = PBXFileReference; lastKnownFileType = file; path = sprinkle.usdz; sourceTree = "<group>"; };
		C44930B12E8E7B2E00D04D8A /* squid.usdz */ = {isa = PBXFileReference; lastKnownFileType = file; path = squid.usdz; sourceTree = "<group>"; };
		C44930B22E8E7B2E00D04D8A /* stir.usdz */ = {isa = PBXFileReference; lastKnownFileType = file; path = stir.usdz; sourceTree = "<group>"; };
		C44930B32E8E7B2E00D04D8A /* temperature.usdz */ = {isa = PBXFileReference; lastKnownFileType = file; path = temperature.usdz; sourceTree = "<group>"; };
		C44930B42E8E7B2E00D04D8A /* tofu.usdz */ = {isa = PBXFileReference; lastKnownFileType = file; path = tofu.usdz; sourceTree = "<group>"; };
		C44930B52E8E7B2E00D04D8A /* tomato.usdz */ = {isa = PBXFileReference; lastKnownFileType = file; path = tomato.usdz; sourceTree = "<group>"; };
		C44930B62E8E7B2E00D04D8A /* torch.usdz */ = {isa = PBXFileReference; lastKnownFileType = file; path = torch.usdz; sourceTree = "<group>"; };
		C44930B82E8E7B2E00D04D8A /* AnimationFactory.swift */ = {isa = PBXFileReference; lastKnownFileType = sourcecode.swift; path = AnimationFactory.swift; sourceTree = "<group>"; };
		C44930B92E8E7B2E00D04D8A /* AnimationManger.swift */ = {isa = PBXFileReference; lastKnownFileType = sourcecode.swift; path = AnimationManger.swift; sourceTree = "<group>"; };
		C44930BA2E8E7B2E00D04D8A /* ContentView.swift */ = {isa = PBXFileReference; lastKnownFileType = sourcecode.swift; path = ContentView.swift; sourceTree = "<group>"; };
		C44930BB2E8E7B2E00D04D8A /* CookDetect.mlmodel */ = {isa = PBXFileReference; lastKnownFileType = file.mlmodel; path = CookDetect.mlmodel; sourceTree = "<group>"; };
		C44930BC2E8E7B2E00D04D8A /* CookingARView.swift */ = {isa = PBXFileReference; lastKnownFileType = sourcecode.swift; path = CookingARView.swift; sourceTree = "<group>"; };
		C44930BD2E8E7B2E00D04D8A /* DetectionTestView.swift */ = {isa = PBXFileReference; lastKnownFileType = sourcecode.swift; path = DetectionTestView.swift; sourceTree = "<group>"; };
		C44930BE2E8E7B2E00D04D8A /* HandGestureController.swift */ = {isa = PBXFileReference; lastKnownFileType = sourcecode.swift; path = HandGestureController.swift; sourceTree = "<group>"; };
		C44930BF2E8E7B2E00D04D8A /* LRUCache.swift */ = {isa = PBXFileReference; lastKnownFileType = sourcecode.swift; path = LRUCache.swift; sourceTree = "<group>"; };
		C44930C02E8E7B2E00D04D8A /* ObjectDetect.swift */ = {isa = PBXFileReference; lastKnownFileType = sourcecode.swift; path = ObjectDetect.swift; sourceTree = "<group>"; };
		C4D133432E913769005865AE /* GoogleService-Info.plist */ = {isa = PBXFileReference; lastKnownFileType = text.plist.xml; path = "GoogleService-Info.plist"; sourceTree = "<group>"; };
/* End PBXFileReference section */

/* Begin PBXFileSystemSynchronizedBuildFileExceptionSet section */
		3056BC572DCC572F00141C0C /* Exceptions for "ChefHelper" folder in "ChefHelper" target */ = {
			isa = PBXFileSystemSynchronizedBuildFileExceptionSet;
			membershipExceptions = (
				Info.plist,
			);
			target = 30D9E0522DA60DC0001CDE03 /* ChefHelper */;
		};
/* End PBXFileSystemSynchronizedBuildFileExceptionSet section */

/* Begin PBXFileSystemSynchronizedRootGroup section */
		30501B422DC331C700CB2198 /* Features */ = {
			isa = PBXFileSystemSynchronizedRootGroup;
			path = Features;
			sourceTree = "<group>";
		};
		30501B4C2DC332B100CB2198 /* Shared */ = {
			isa = PBXFileSystemSynchronizedRootGroup;
			path = Shared;
			sourceTree = "<group>";
		};
		30A657B12DC61CB90032C368 /* Coordinators */ = {
			isa = PBXFileSystemSynchronizedRootGroup;
			path = Coordinators;
			sourceTree = "<group>";
		};
		30D9E0552DA60DC0001CDE03 /* ChefHelper */ = {
			isa = PBXFileSystemSynchronizedRootGroup;
			exceptions = (
				3056BC572DCC572F00141C0C /* Exceptions for "ChefHelper" folder in "ChefHelper" target */,
			);
			path = ChefHelper;
			sourceTree = "<group>";
		};
		FCCA81082DD7BC8E003346E7 /* Routing */ = {
			isa = PBXFileSystemSynchronizedRootGroup;
			path = Routing;
			sourceTree = "<group>";
		};
/* End PBXFileSystemSynchronizedRootGroup section */

/* Begin PBXFrameworksBuildPhase section */
		30D9E0502DA60DC0001CDE03 /* Frameworks */ = {
			isa = PBXFrameworksBuildPhase;
			buildActionMask = 2147483647;
			files = (
				68CE26C82DD88BFF00365F01 /* FirebaseDatabase in Frameworks */,
				30DC270C2DD592D10081F80C /* GoogleGenerativeAI in Frameworks */,
				30DC27092DD591E20081F80C /* RealityKit.framework in Frameworks */,
				688718182DDBB15F002A81AF /* Kingfisher in Frameworks */,
				30DC27072DD591D00081F80C /* ARKit.framework in Frameworks */,
				68CE26CC2DD88C6200365F01 /* FirebaseCore in Frameworks */,
				68CE26CE2DD88C6200365F01 /* FirebaseStorage in Frameworks */,
				68CE26C62DD88BFF00365F01 /* FirebaseAuth in Frameworks */,
				68CE26CA2DD88BFF00365F01 /* FirebaseFirestore in Frameworks */,
			);
			runOnlyForDeploymentPostprocessing = 0;
		};
/* End PBXFrameworksBuildPhase section */

/* Begin PBXGroup section */
		30D9E04A2DA60DC0001CDE03 = {
			isa = PBXGroup;
			children = (
				C4D133432E913769005865AE /* GoogleService-Info.plist */,
				C44930C12E8E7B2E00D04D8A /* AR */,
				FCCA81082DD7BC8E003346E7 /* Routing */,
				30501B4C2DC332B100CB2198 /* Shared */,
				30D9E0552DA60DC0001CDE03 /* ChefHelper */,
				30501B422DC331C700CB2198 /* Features */,
				30A657B12DC61CB90032C368 /* Coordinators */,
				30DC27052DD591D00081F80C /* Frameworks */,
				30AB0E1D2DD64F2700101557 /* ChefHelper.app */,
			);
			sourceTree = "<group>";
		};
		30DC27052DD591D00081F80C /* Frameworks */ = {
			isa = PBXGroup;
			children = (
				30DC27082DD591E20081F80C /* RealityKit.framework */,
				30DC27062DD591D00081F80C /* ARKit.framework */,
			);
			name = Frameworks;
			sourceTree = "<group>";
		};
		C44930922E8E7B2E00D04D8A /* Animation */ = {
			isa = PBXGroup;
			children = (
				A1900C3F2E91012F00F25390 /* ARText.swift */,
				C44930852E8E7B2E00D04D8A /* Animation.swift */,
				C44930862E8E7B2E00D04D8A /* BeatEggAnimation.swift */,
				C44930872E8E7B2E00D04D8A /* CountdownAnimation.swift */,
				C44930882E8E7B2E00D04D8A /* CutAnimation.swift */,
				C44930892E8E7B2E00D04D8A /* FlameAnimation.swift */,
				C449308A2E8E7B2E00D04D8A /* FlipAnimation.swift */,
				C449308B2E8E7B2E00D04D8A /* PeelAnimation.swift */,
				C449308C2E8E7B2E00D04D8A /* PourLiquidAnimation.swift */,
				C449308D2E8E7B2E00D04D8A /* PutIntoContainerAnimation.swift */,
				C449308E2E8E7B2E00D04D8A /* SprinkleAnimation.swift */,
				C449308F2E8E7B2E00D04D8A /* StirAnimation.swift */,
				C44930902E8E7B2E00D04D8A /* TemperatureAnimation.swift */,
				C44930912E8E7B2E00D04D8A /* TorchAnimation.swift */,
			);
			path = Animation;
			sourceTree = "<group>";
		};
		C44930B72E8E7B2E00D04D8A /* model */ = {
			isa = PBXGroup;
			children = (
				C44930932E8E7B2E00D04D8A /* bacon.usdz */,
				C44930942E8E7B2E00D04D8A /* beatEgg.usdz */,
				C44930952E8E7B2E00D04D8A /* brazil.usdz */,
				C44930962E8E7B2E00D04D8A /* brocoli.usdz */,
				C44930972E8E7B2E00D04D8A /* butter.usdz */,
				C44930982E8E7B2E00D04D8A /* carrot.usdz */,
				C44930992E8E7B2E00D04D8A /* cheese.usdz */,
				C449309A2E8E7B2E00D04D8A /* chickenThigh.usdz */,
				C449309B2E8E7B2E00D04D8A /* chili.usdz */,
				C449309C2E8E7B2E00D04D8A /* corn.usdz */,
				C449309D2E8E7B2E00D04D8A /* countdown.usdz */,
				C449309E2E8E7B2E00D04D8A /* cut.usdz */,
				C449309F2E8E7B2E00D04D8A /* egg.usdz */,
				C44930A02E8E7B2E00D04D8A /* flame_large.usdz */,
				C44930A12E8E7B2E00D04D8A /* flame_medium.usdz */,
				C44930A22E8E7B2E00D04D8A /* flame_small.usdz */,
				C44930A32E8E7B2E00D04D8A /* flip.usdz */,
				C44930A42E8E7B2E00D04D8A /* garlic.usdz */,
				C44930A52E8E7B2E00D04D8A /* green_pepper.usdz */,
				C44930A62E8E7B2E00D04D8A /* ingredient.usdz */,
				C44930A72E8E7B2E00D04D8A /* meat.usdz */,
				C44930A82E8E7B2E00D04D8A /* mushroom.usdz */,
				C44930A92E8E7B2E00D04D8A /* noodle.usdz */,
				C44930AA2E8E7B2E00D04D8A /* onion.usdz */,
				C44930AB2E8E7B2E00D04D8A /* peel.usdz */,
				C44930AC2E8E7B2E00D04D8A /* potato.usdz */,
				C44930AD2E8E7B2E00D04D8A /* pourLiquid.usdz */,
				C44930AE2E8E7B2E00D04D8A /* salmon.usdz */,
				C44930AF2E8E7B2E00D04D8A /* shrimp.usdz */,
				C44930B02E8E7B2E00D04D8A /* sprinkle.usdz */,
				C44930B12E8E7B2E00D04D8A /* squid.usdz */,
				C44930B22E8E7B2E00D04D8A /* stir.usdz */,
				C44930B32E8E7B2E00D04D8A /* temperature.usdz */,
				C44930B42E8E7B2E00D04D8A /* tofu.usdz */,
				C44930B52E8E7B2E00D04D8A /* tomato.usdz */,
				C44930B62E8E7B2E00D04D8A /* torch.usdz */,
			);
			path = model;
			sourceTree = "<group>";
		};
		C44930C12E8E7B2E00D04D8A /* AR */ = {
			isa = PBXGroup;
			children = (
				C44930922E8E7B2E00D04D8A /* Animation */,
				C44930B72E8E7B2E00D04D8A /* model */,
				C44930B82E8E7B2E00D04D8A /* AnimationFactory.swift */,
				A1900C392E90E8A600F25390 /* AnimationModelCache.swift */,
				C44930B92E8E7B2E00D04D8A /* AnimationManger.swift */,
				C44930BA2E8E7B2E00D04D8A /* ContentView.swift */,
				C44930BB2E8E7B2E00D04D8A /* CookDetect.mlmodel */,
				C44930BC2E8E7B2E00D04D8A /* CookingARView.swift */,
				C44930BD2E8E7B2E00D04D8A /* DetectionTestView.swift */,
				C44930BE2E8E7B2E00D04D8A /* HandGestureController.swift */,
				C44930BF2E8E7B2E00D04D8A /* LRUCache.swift */,
				C44930C02E8E7B2E00D04D8A /* ObjectDetect.swift */,
			);
			path = AR;
			sourceTree = "<group>";
		};
/* End PBXGroup section */

/* Begin PBXNativeTarget section */
		30D9E0522DA60DC0001CDE03 /* ChefHelper */ = {
			isa = PBXNativeTarget;
			buildConfigurationList = 30D9E0612DA60DC1001CDE03 /* Build configuration list for PBXNativeTarget "ChefHelper" */;
			buildPhases = (
				30D9E04F2DA60DC0001CDE03 /* Sources */,
				30D9E0502DA60DC0001CDE03 /* Frameworks */,
				30D9E0512DA60DC0001CDE03 /* Resources */,
			);
			buildRules = (
			);
			dependencies = (
			);
			fileSystemSynchronizedGroups = (
				30501B422DC331C700CB2198 /* Features */,
				30501B4C2DC332B100CB2198 /* Shared */,
				30A657B12DC61CB90032C368 /* Coordinators */,
				30D9E0552DA60DC0001CDE03 /* ChefHelper */,
				FCCA81082DD7BC8E003346E7 /* Routing */,
			);
			name = ChefHelper;
			packageProductDependencies = (
				30DC270B2DD592D10081F80C /* GoogleGenerativeAI */,
				68CE26C52DD88BFF00365F01 /* FirebaseAuth */,
				68CE26C72DD88BFF00365F01 /* FirebaseDatabase */,
				68CE26C92DD88BFF00365F01 /* FirebaseFirestore */,
				68CE26CB2DD88C6200365F01 /* FirebaseCore */,
				68CE26CD2DD88C6200365F01 /* FirebaseStorage */,
				688718172DDBB15F002A81AF /* Kingfisher */,
			);
			productName = ChefHelper;
			productReference = 30AB0E1D2DD64F2700101557 /* ChefHelper.app */;
			productType = "com.apple.product-type.application";
		};
/* End PBXNativeTarget section */

/* Begin PBXProject section */
		30D9E04B2DA60DC0001CDE03 /* Project object */ = {
			isa = PBXProject;
			attributes = {
				BuildIndependentTargetsInParallel = 1;
				LastSwiftUpdateCheck = 1620;
				LastUpgradeCheck = 2600;
				TargetAttributes = {
					30D9E0522DA60DC0001CDE03 = {
						CreatedOnToolsVersion = 16.2;
					};
				};
			};
			buildConfigurationList = 30D9E04E2DA60DC0001CDE03 /* Build configuration list for PBXProject "ChefHelper" */;
			developmentRegion = en;
			hasScannedForEncodings = 0;
			knownRegions = (
				en,
				Base,
			);
			mainGroup = 30D9E04A2DA60DC0001CDE03;
			minimizedProjectReferenceProxies = 1;
			packageReferences = (
				30DC270A2DD592D10081F80C /* XCRemoteSwiftPackageReference "generative-ai-swift" */,
				68CE26C42DD88BFF00365F01 /* XCRemoteSwiftPackageReference "firebase-ios-sdk" */,
				688718162DDBB15F002A81AF /* XCRemoteSwiftPackageReference "Kingfisher" */,
			);
			preferredProjectObjectVersion = 77;
			productRefGroup = 30D9E04A2DA60DC0001CDE03;
			projectDirPath = "";
			projectRoot = "";
			targets = (
				30D9E0522DA60DC0001CDE03 /* ChefHelper */,
			);
		};
/* End PBXProject section */

/* Begin PBXResourcesBuildPhase section */
		30D9E0512DA60DC0001CDE03 /* Resources */ = {
			isa = PBXResourcesBuildPhase;
			buildActionMask = 2147483647;
			files = (
				C44930D82E8E7B2E00D04D8A /* flip.usdz in Resources */,
				C44930D92E8E7B2E00D04D8A /* pourLiquid.usdz in Resources */,
				C44930DA2E8E7B2E00D04D8A /* green_pepper.usdz in Resources */,
				C44930DB2E8E7B2E00D04D8A /* sprinkle.usdz in Resources */,
				C44930DC2E8E7B2E00D04D8A /* carrot.usdz in Resources */,
				C44930DD2E8E7B2E00D04D8A /* mushroom.usdz in Resources */,
				C44930DE2E8E7B2E00D04D8A /* countdown.usdz in Resources */,
				C44930DF2E8E7B2E00D04D8A /* cheese.usdz in Resources */,
				C44930E02E8E7B2E00D04D8A /* torch.usdz in Resources */,
				C44930E12E8E7B2E00D04D8A /* bacon.usdz in Resources */,
				C44930E22E8E7B2E00D04D8A /* noodle.usdz in Resources */,
				C44930E32E8E7B2E00D04D8A /* tofu.usdz in Resources */,
				C44930E42E8E7B2E00D04D8A /* butter.usdz in Resources */,
				C44930E52E8E7B2E00D04D8A /* onion.usdz in Resources */,
				C4D133442E913769005865AE /* GoogleService-Info.plist in Resources */,
				C44930E62E8E7B2E00D04D8A /* stir.usdz in Resources */,
				C44930E72E8E7B2E00D04D8A /* peel.usdz in Resources */,
				C44930E82E8E7B2E00D04D8A /* chili.usdz in Resources */,
				C44930E92E8E7B2E00D04D8A /* cut.usdz in Resources */,
				C44930EA2E8E7B2E00D04D8A /* chickenThigh.usdz in Resources */,
				C44930EB2E8E7B2E00D04D8A /* meat.usdz in Resources */,
				C44930EC2E8E7B2E00D04D8A /* potato.usdz in Resources */,
				C44930ED2E8E7B2E00D04D8A /* brocoli.usdz in Resources */,
				C44930EE2E8E7B2E00D04D8A /* corn.usdz in Resources */,
				C44930EF2E8E7B2E00D04D8A /* temperature.usdz in Resources */,
				C44930F02E8E7B2E00D04D8A /* egg.usdz in Resources */,
				C44930F12E8E7B2E00D04D8A /* flame_medium.usdz in Resources */,
				C44930F22E8E7B2E00D04D8A /* flame_large.usdz in Resources */,
				C44930F32E8E7B2E00D04D8A /* shrimp.usdz in Resources */,
				C44930F42E8E7B2E00D04D8A /* ingredient.usdz in Resources */,
				C44930F52E8E7B2E00D04D8A /* garlic.usdz in Resources */,
				C44930F62E8E7B2E00D04D8A /* squid.usdz in Resources */,
				C44930F72E8E7B2E00D04D8A /* beatEgg.usdz in Resources */,
				C44930F82E8E7B2E00D04D8A /* flame_small.usdz in Resources */,
				C44930F92E8E7B2E00D04D8A /* tomato.usdz in Resources */,
				C44930FA2E8E7B2E00D04D8A /* salmon.usdz in Resources */,
				C44930FB2E8E7B2E00D04D8A /* brazil.usdz in Resources */,
			);
			runOnlyForDeploymentPostprocessing = 0;
		};
/* End PBXResourcesBuildPhase section */

/* Begin PBXSourcesBuildPhase section */
		30D9E04F2DA60DC0001CDE03 /* Sources */ = {
			isa = PBXSourcesBuildPhase;
			buildActionMask = 2147483647;
			files = (
				C44930C22E8E7B2E00D04D8A /* CutAnimation.swift in Sources */,
				C44930C32E8E7B2E00D04D8A /* SprinkleAnimation.swift in Sources */,
				C44930C42E8E7B2E00D04D8A /* TemperatureAnimation.swift in Sources */,
				C44930C52E8E7B2E00D04D8A /* Animation.swift in Sources */,
				C44930C62E8E7B2E00D04D8A /* CountdownAnimation.swift in Sources */,
				C44930C72E8E7B2E00D04D8A /* HandGestureController.swift in Sources */,
				C44930C82E8E7B2E00D04D8A /* CookingARView.swift in Sources */,
				C44930C92E8E7B2E00D04D8A /* FlipAnimation.swift in Sources */,
				C44930CA2E8E7B2E00D04D8A /* PutIntoContainerAnimation.swift in Sources */,
				C44930CB2E8E7B2E00D04D8A /* AnimationFactory.swift in Sources */,
				C44930CC2E8E7B2E00D04D8A /* StirAnimation.swift in Sources */,
				C44930CD2E8E7B2E00D04D8A /* TorchAnimation.swift in Sources */,
				C44930CE2E8E7B2E00D04D8A /* AnimationManger.swift in Sources */,
				C44930CF2E8E7B2E00D04D8A /* FlameAnimation.swift in Sources */,
				C44930D02E8E7B2E00D04D8A /* PourLiquidAnimation.swift in Sources */,
				C44930D12E8E7B2E00D04D8A /* CookDetect.mlmodel in Sources */,
				C44930D22E8E7B2E00D04D8A /* BeatEggAnimation.swift in Sources */,
				A1900C402E91012F00F25390 /* ARText.swift in Sources */,
				A1900C3A2E90E8A600F25390 /* AnimationModelCache.swift in Sources */,
				C44930D32E8E7B2E00D04D8A /* ObjectDetect.swift in Sources */,
				C44930D42E8E7B2E00D04D8A /* ContentView.swift in Sources */,
				C44930D52E8E7B2E00D04D8A /* LRUCache.swift in Sources */,
				C44930D62E8E7B2E00D04D8A /* DetectionTestView.swift in Sources */,
				C44930D72E8E7B2E00D04D8A /* PeelAnimation.swift in Sources */,
			);
			runOnlyForDeploymentPostprocessing = 0;
		};
/* End PBXSourcesBuildPhase section */

/* Begin XCBuildConfiguration section */
		30D9E05F2DA60DC1001CDE03 /* Debug */ = {
			isa = XCBuildConfiguration;
			buildSettings = {
				ALWAYS_SEARCH_USER_PATHS = NO;
				ASSETCATALOG_COMPILER_GENERATE_SWIFT_ASSET_SYMBOL_EXTENSIONS = YES;
				CLANG_ANALYZER_NONNULL = YES;
				CLANG_ANALYZER_NUMBER_OBJECT_CONVERSION = YES_AGGRESSIVE;
				CLANG_CXX_LANGUAGE_STANDARD = "gnu++20";
				CLANG_ENABLE_MODULES = YES;
				CLANG_ENABLE_OBJC_ARC = YES;
				CLANG_ENABLE_OBJC_WEAK = YES;
				CLANG_WARN_BLOCK_CAPTURE_AUTORELEASING = YES;
				CLANG_WARN_BOOL_CONVERSION = YES;
				CLANG_WARN_COMMA = YES;
				CLANG_WARN_CONSTANT_CONVERSION = YES;
				CLANG_WARN_DEPRECATED_OBJC_IMPLEMENTATIONS = YES;
				CLANG_WARN_DIRECT_OBJC_ISA_USAGE = YES_ERROR;
				CLANG_WARN_DOCUMENTATION_COMMENTS = YES;
				CLANG_WARN_EMPTY_BODY = YES;
				CLANG_WARN_ENUM_CONVERSION = YES;
				CLANG_WARN_INFINITE_RECURSION = YES;
				CLANG_WARN_INT_CONVERSION = YES;
				CLANG_WARN_NON_LITERAL_NULL_CONVERSION = YES;
				CLANG_WARN_OBJC_IMPLICIT_RETAIN_SELF = YES;
				CLANG_WARN_OBJC_LITERAL_CONVERSION = YES;
				CLANG_WARN_OBJC_ROOT_CLASS = YES_ERROR;
				CLANG_WARN_QUOTED_INCLUDE_IN_FRAMEWORK_HEADER = YES;
				CLANG_WARN_RANGE_LOOP_ANALYSIS = YES;
				CLANG_WARN_STRICT_PROTOTYPES = YES;
				CLANG_WARN_SUSPICIOUS_MOVE = YES;
				CLANG_WARN_UNGUARDED_AVAILABILITY = YES_AGGRESSIVE;
				CLANG_WARN_UNREACHABLE_CODE = YES;
				CLANG_WARN__DUPLICATE_METHOD_MATCH = YES;
				COPY_PHASE_STRIP = NO;
				DEBUG_INFORMATION_FORMAT = dwarf;
				DEVELOPMENT_TEAM = YB987PVDMC;
				ENABLE_STRICT_OBJC_MSGSEND = YES;
				ENABLE_TESTABILITY = YES;
				ENABLE_USER_SCRIPT_SANDBOXING = YES;
				GCC_C_LANGUAGE_STANDARD = gnu17;
				GCC_DYNAMIC_NO_PIC = NO;
				GCC_NO_COMMON_BLOCKS = YES;
				GCC_OPTIMIZATION_LEVEL = 0;
				GCC_PREPROCESSOR_DEFINITIONS = (
					"DEBUG=1",
					"$(inherited)",
				);
				GCC_WARN_64_TO_32_BIT_CONVERSION = YES;
				GCC_WARN_ABOUT_RETURN_TYPE = YES_ERROR;
				GCC_WARN_UNDECLARED_SELECTOR = YES;
				GCC_WARN_UNINITIALIZED_AUTOS = YES_AGGRESSIVE;
				GCC_WARN_UNUSED_FUNCTION = YES;
				GCC_WARN_UNUSED_VARIABLE = YES;
				GENERATE_INFOPLIST_FILE = YES;
				INFOPLIST_FILE = "";
				INFOPLIST_PREPROCESS = NO;
				IPHONEOS_DEPLOYMENT_TARGET = 18.2;
				LOCALIZATION_PREFERS_STRING_CATALOGS = YES;
				MTL_ENABLE_DEBUG_INFO = INCLUDE_SOURCE;
				MTL_FAST_MATH = YES;
				ONLY_ACTIVE_ARCH = YES;
				SDKROOT = iphoneos;
				STRING_CATALOG_GENERATE_SYMBOLS = YES;
				SWIFT_ACTIVE_COMPILATION_CONDITIONS = "DEBUG $(inherited)";
				SWIFT_OPTIMIZATION_LEVEL = "-Onone";
			};
			name = Debug;
		};
		30D9E0602DA60DC1001CDE03 /* Release */ = {
			isa = XCBuildConfiguration;
			buildSettings = {
				ALWAYS_SEARCH_USER_PATHS = NO;
				ASSETCATALOG_COMPILER_GENERATE_SWIFT_ASSET_SYMBOL_EXTENSIONS = YES;
				CLANG_ANALYZER_NONNULL = YES;
				CLANG_ANALYZER_NUMBER_OBJECT_CONVERSION = YES_AGGRESSIVE;
				CLANG_CXX_LANGUAGE_STANDARD = "gnu++20";
				CLANG_ENABLE_MODULES = YES;
				CLANG_ENABLE_OBJC_ARC = YES;
				CLANG_ENABLE_OBJC_WEAK = YES;
				CLANG_WARN_BLOCK_CAPTURE_AUTORELEASING = YES;
				CLANG_WARN_BOOL_CONVERSION = YES;
				CLANG_WARN_COMMA = YES;
				CLANG_WARN_CONSTANT_CONVERSION = YES;
				CLANG_WARN_DEPRECATED_OBJC_IMPLEMENTATIONS = YES;
				CLANG_WARN_DIRECT_OBJC_ISA_USAGE = YES_ERROR;
				CLANG_WARN_DOCUMENTATION_COMMENTS = YES;
				CLANG_WARN_EMPTY_BODY = YES;
				CLANG_WARN_ENUM_CONVERSION = YES;
				CLANG_WARN_INFINITE_RECURSION = YES;
				CLANG_WARN_INT_CONVERSION = YES;
				CLANG_WARN_NON_LITERAL_NULL_CONVERSION = YES;
				CLANG_WARN_OBJC_IMPLICIT_RETAIN_SELF = YES;
				CLANG_WARN_OBJC_LITERAL_CONVERSION = YES;
				CLANG_WARN_OBJC_ROOT_CLASS = YES_ERROR;
				CLANG_WARN_QUOTED_INCLUDE_IN_FRAMEWORK_HEADER = YES;
				CLANG_WARN_RANGE_LOOP_ANALYSIS = YES;
				CLANG_WARN_STRICT_PROTOTYPES = YES;
				CLANG_WARN_SUSPICIOUS_MOVE = YES;
				CLANG_WARN_UNGUARDED_AVAILABILITY = YES_AGGRESSIVE;
				CLANG_WARN_UNREACHABLE_CODE = YES;
				CLANG_WARN__DUPLICATE_METHOD_MATCH = YES;
				COPY_PHASE_STRIP = NO;
				DEBUG_INFORMATION_FORMAT = "dwarf-with-dsym";
				DEVELOPMENT_TEAM = YB987PVDMC;
				ENABLE_NS_ASSERTIONS = NO;
				ENABLE_STRICT_OBJC_MSGSEND = YES;
				ENABLE_USER_SCRIPT_SANDBOXING = YES;
				GCC_C_LANGUAGE_STANDARD = gnu17;
				GCC_NO_COMMON_BLOCKS = YES;
				GCC_WARN_64_TO_32_BIT_CONVERSION = YES;
				GCC_WARN_ABOUT_RETURN_TYPE = YES_ERROR;
				GCC_WARN_UNDECLARED_SELECTOR = YES;
				GCC_WARN_UNINITIALIZED_AUTOS = YES_AGGRESSIVE;
				GCC_WARN_UNUSED_FUNCTION = YES;
				GCC_WARN_UNUSED_VARIABLE = YES;
				GENERATE_INFOPLIST_FILE = YES;
				INFOPLIST_FILE = "";
				INFOPLIST_PREPROCESS = NO;
				IPHONEOS_DEPLOYMENT_TARGET = 18.2;
				LOCALIZATION_PREFERS_STRING_CATALOGS = YES;
				MTL_ENABLE_DEBUG_INFO = NO;
				MTL_FAST_MATH = YES;
				SDKROOT = iphoneos;
				STRING_CATALOG_GENERATE_SYMBOLS = YES;
				SWIFT_COMPILATION_MODE = wholemodule;
				VALIDATE_PRODUCT = YES;
			};
			name = Release;
		};
		30D9E0622DA60DC1001CDE03 /* Debug */ = {
			isa = XCBuildConfiguration;
			buildSettings = {
				ASSETCATALOG_COMPILER_APPICON_NAME = AppIcon;
				ASSETCATALOG_COMPILER_GLOBAL_ACCENT_COLOR_NAME = AccentColor;
				CODE_SIGN_IDENTITY = "Apple Development";
				CODE_SIGN_STYLE = Automatic;
				CURRENT_PROJECT_VERSION = 1;
				DEVELOPMENT_ASSET_PATHS = "\"ChefHelper/Preview Content\"";
				DEVELOPMENT_TEAM = 3QR9BMG5N4;
				ENABLE_PREVIEWS = YES;
				GCC_OPTIMIZATION_LEVEL = 0;
				GENERATE_INFOPLIST_FILE = NO;
				INFOPLIST_FILE = ChefHelper/Info.plist;
				INFOPLIST_KEY_CFBundleDisplayName = "";
				INFOPLIST_KEY_NSCameraUsageDescription = "需要開啟權限";
				INFOPLIST_KEY_NSPhotoLibraryAddUsageDescription = "需要相簿權限";
				INFOPLIST_KEY_UIApplicationSceneManifest_Generation = YES;
				INFOPLIST_KEY_UIApplicationSupportsIndirectInputEvents = YES;
				INFOPLIST_KEY_UILaunchScreen_Generation = YES;
				INFOPLIST_KEY_UISupportedInterfaceOrientations_iPad = "UIInterfaceOrientationPortrait UIInterfaceOrientationPortraitUpsideDown UIInterfaceOrientationLandscapeLeft UIInterfaceOrientationLandscapeRight";
				INFOPLIST_KEY_UISupportedInterfaceOrientations_iPhone = "UIInterfaceOrientationPortrait UIInterfaceOrientationLandscapeLeft UIInterfaceOrientationLandscapeRight";
				IPHONEOS_DEPLOYMENT_TARGET = 18.0;
				LD_RUNPATH_SEARCH_PATHS = (
					"$(inherited)",
					"@executable_path/Frameworks",
				);
				MARKETING_VERSION = 1.0;
				PRODUCT_BUNDLE_IDENTIFIER = com.rong.ChefHelper12;
				PRODUCT_NAME = "$(TARGET_NAME)";
				PROVISIONING_PROFILE_SPECIFIER = "";
				SWIFT_EMIT_LOC_STRINGS = YES;
				SWIFT_OPTIMIZATION_LEVEL = "-Onone";
				SWIFT_VERSION = 5.0;
				TARGETED_DEVICE_FAMILY = "1,2";
			};
			name = Debug;
		};
		30D9E0632DA60DC1001CDE03 /* Release */ = {
			isa = XCBuildConfiguration;
			buildSettings = {
				ASSETCATALOG_COMPILER_APPICON_NAME = AppIcon;
				ASSETCATALOG_COMPILER_GLOBAL_ACCENT_COLOR_NAME = AccentColor;
				CODE_SIGN_IDENTITY = "Apple Development";
				CODE_SIGN_STYLE = Automatic;
				CURRENT_PROJECT_VERSION = 1;
				DEVELOPMENT_ASSET_PATHS = "\"ChefHelper/Preview Content\"";
				DEVELOPMENT_TEAM = NS9C26NG58;
				ENABLE_PREVIEWS = YES;
				GENERATE_INFOPLIST_FILE = NO;
				INFOPLIST_FILE = ChefHelper/Info.plist;
				INFOPLIST_KEY_CFBundleDisplayName = "";
				INFOPLIST_KEY_NSCameraUsageDescription = "需要開啟權限";
				INFOPLIST_KEY_NSPhotoLibraryAddUsageDescription = "需要相簿權限";
				INFOPLIST_KEY_UIApplicationSceneManifest_Generation = YES;
				INFOPLIST_KEY_UIApplicationSupportsIndirectInputEvents = YES;
				INFOPLIST_KEY_UILaunchScreen_Generation = YES;
				INFOPLIST_KEY_UISupportedInterfaceOrientations_iPad = "UIInterfaceOrientationPortrait UIInterfaceOrientationPortraitUpsideDown UIInterfaceOrientationLandscapeLeft UIInterfaceOrientationLandscapeRight";
				INFOPLIST_KEY_UISupportedInterfaceOrientations_iPhone = "UIInterfaceOrientationPortrait UIInterfaceOrientationLandscapeLeft UIInterfaceOrientationLandscapeRight";
				IPHONEOS_DEPLOYMENT_TARGET = 18.0;
				LD_RUNPATH_SEARCH_PATHS = (
					"$(inherited)",
					"@executable_path/Frameworks",
				);
				MARKETING_VERSION = 1.0;
				PRODUCT_BUNDLE_IDENTIFIER = com.rong.ChefHelper12;
				PRODUCT_NAME = "$(TARGET_NAME)";
				PROVISIONING_PROFILE_SPECIFIER = "";
				SWIFT_COMPILATION_MODE = wholemodule;
				SWIFT_EMIT_LOC_STRINGS = YES;
				SWIFT_OPTIMIZATION_LEVEL = "-Onone";
				SWIFT_VERSION = 5.0;
				TARGETED_DEVICE_FAMILY = "1,2";
			};
			name = Release;
		};
/* End XCBuildConfiguration section */

/* Begin XCConfigurationList section */
		30D9E04E2DA60DC0001CDE03 /* Build configuration list for PBXProject "ChefHelper" */ = {
			isa = XCConfigurationList;
			buildConfigurations = (
				30D9E05F2DA60DC1001CDE03 /* Debug */,
				30D9E0602DA60DC1001CDE03 /* Release */,
			);
			defaultConfigurationIsVisible = 0;
			defaultConfigurationName = Release;
		};
		30D9E0612DA60DC1001CDE03 /* Build configuration list for PBXNativeTarget "ChefHelper" */ = {
			isa = XCConfigurationList;
			buildConfigurations = (
				30D9E0622DA60DC1001CDE03 /* Debug */,
				30D9E0632DA60DC1001CDE03 /* Release */,
			);
			defaultConfigurationIsVisible = 0;
			defaultConfigurationName = Release;
		};
/* End XCConfigurationList section */

/* Begin XCRemoteSwiftPackageReference section */
		30DC270A2DD592D10081F80C /* XCRemoteSwiftPackageReference "generative-ai-swift" */ = {
			isa = XCRemoteSwiftPackageReference;
			repositoryURL = "https://github.com/google/generative-ai-swift";
			requirement = {
				kind = upToNextMajorVersion;
				minimumVersion = 0.5.6;
			};
		};
		688718162DDBB15F002A81AF /* XCRemoteSwiftPackageReference "Kingfisher" */ = {
			isa = XCRemoteSwiftPackageReference;
			repositoryURL = "https://github.com/onevcat/Kingfisher.git";
			requirement = {
				kind = upToNextMajorVersion;
				minimumVersion = 8.3.2;
			};
		};
		68CE26C42DD88BFF00365F01 /* XCRemoteSwiftPackageReference "firebase-ios-sdk" */ = {
			isa = XCRemoteSwiftPackageReference;
			repositoryURL = "https://github.com/firebase/firebase-ios-sdk";
			requirement = {
				kind = upToNextMajorVersion;
				minimumVersion = 11.12.0;
			};
		};
/* End XCRemoteSwiftPackageReference section */

/* Begin XCSwiftPackageProductDependency section */
		30DC270B2DD592D10081F80C /* GoogleGenerativeAI */ = {
			isa = XCSwiftPackageProductDependency;
			package = 30DC270A2DD592D10081F80C /* XCRemoteSwiftPackageReference "generative-ai-swift" */;
			productName = GoogleGenerativeAI;
		};
		688718172DDBB15F002A81AF /* Kingfisher */ = {
			isa = XCSwiftPackageProductDependency;
			package = 688718162DDBB15F002A81AF /* XCRemoteSwiftPackageReference "Kingfisher" */;
			productName = Kingfisher;
		};
		68CE26C52DD88BFF00365F01 /* FirebaseAuth */ = {
			isa = XCSwiftPackageProductDependency;
			package = 68CE26C42DD88BFF00365F01 /* XCRemoteSwiftPackageReference "firebase-ios-sdk" */;
			productName = FirebaseAuth;
		};
		68CE26C72DD88BFF00365F01 /* FirebaseDatabase */ = {
			isa = XCSwiftPackageProductDependency;
			package = 68CE26C42DD88BFF00365F01 /* XCRemoteSwiftPackageReference "firebase-ios-sdk" */;
			productName = FirebaseDatabase;
		};
		68CE26C92DD88BFF00365F01 /* FirebaseFirestore */ = {
			isa = XCSwiftPackageProductDependency;
			package = 68CE26C42DD88BFF00365F01 /* XCRemoteSwiftPackageReference "firebase-ios-sdk" */;
			productName = FirebaseFirestore;
		};
		68CE26CB2DD88C6200365F01 /* FirebaseCore */ = {
			isa = XCSwiftPackageProductDependency;
			package = 68CE26C42DD88BFF00365F01 /* XCRemoteSwiftPackageReference "firebase-ios-sdk" */;
			productName = FirebaseCore;
		};
		68CE26CD2DD88C6200365F01 /* FirebaseStorage */ = {
			isa = XCSwiftPackageProductDependency;
			package = 68CE26C42DD88BFF00365F01 /* XCRemoteSwiftPackageReference "firebase-ios-sdk" */;
			productName = FirebaseStorage;
		};
/* End XCSwiftPackageProductDependency section */
	};
	rootObject = 30D9E04B2DA60DC0001CDE03 /* Project object */;
}
