// !$*UTF8*$!
{
	archiveVersion = 1;
	classes = {
	};
	objectVersion = 77;
	objects = {

/* Begin PBXBuildFile section */
		30DC27072DD591D00081F80C /* ARKit.framework in Frameworks */ = {isa = PBXBuildFile; fileRef = 30DC27062DD591D00081F80C /* ARKit.framework */; };
		30DC27092DD591E20081F80C /* RealityKit.framework in Frameworks */ = {isa = PBXBuildFile; fileRef = 30DC27082DD591E20081F80C /* RealityKit.framework */; };
		30DC270C2DD592D10081F80C /* GoogleGenerativeAI in Frameworks */ = {isa = PBXBuildFile; productRef = 30DC270B2DD592D10081F80C /* GoogleGenerativeAI */; };
		688718182DDBB15F002A81AF /* Kingfisher in Frameworks */ = {isa = PBXBuildFile; productRef = 688718172DDBB15F002A81AF /* Kingfisher */; };
		68CE26C62DD88BFF00365F01 /* FirebaseAuth in Frameworks */ = {isa = PBXBuildFile; productRef = 68CE26C52DD88BFF00365F01 /* FirebaseAuth */; };
		68CE26C82DD88BFF00365F01 /* FirebaseDatabase in Frameworks */ = {isa = PBXBuildFile; productRef = 68CE26C72DD88BFF00365F01 /* FirebaseDatabase */; };
		68CE26CA2DD88BFF00365F01 /* FirebaseFirestore in Frameworks */ = {isa = PBXBuildFile; productRef = 68CE26C92DD88BFF00365F01 /* FirebaseFirestore */; };
		68CE26CC2DD88C6200365F01 /* FirebaseCore in Frameworks */ = {isa = PBXBuildFile; productRef = 68CE26CB2DD88C6200365F01 /* FirebaseCore */; };
		68CE26CE2DD88C6200365F01 /* FirebaseStorage in Frameworks */ = {isa = PBXBuildFile; productRef = 68CE26CD2DD88C6200365F01 /* FirebaseStorage */; };
		A15D05F52E99B66C0090E350 /* GoogleService-Info.plist in Resources */ = {isa = PBXBuildFile; fileRef = A15D05F42E99B66C0090E350 /* GoogleService-Info.plist */; };
		A1DE34692E984E23007944E3 /* Config.plist in Resources */ = {isa = PBXBuildFile; fileRef = A1DE34682E984E23007944E3 /* Config.plist */; };
/* End PBXBuildFile section */

/* Begin PBXFileReference section */
		30AB0E1D2DD64F2700101557 /* ChefHelper.app */ = {isa = PBXFileReference; explicitFileType = wrapper.application; includeInIndex = 0; path = ChefHelper.app; sourceTree = BUILT_PRODUCTS_DIR; };
		30DC27062DD591D00081F80C /* ARKit.framework */ = {isa = PBXFileReference; lastKnownFileType = wrapper.framework; name = ARKit.framework; path = System/Library/Frameworks/ARKit.framework; sourceTree = SDKROOT; };
		30DC27082DD591E20081F80C /* RealityKit.framework */ = {isa = PBXFileReference; lastKnownFileType = wrapper.framework; name = RealityKit.framework; path = System/Library/Frameworks/RealityKit.framework; sourceTree = SDKROOT; };
		A15D05F42E99B66C0090E350 /* GoogleService-Info.plist */ = {isa = PBXFileReference; lastKnownFileType = text.plist.xml; path = "GoogleService-Info.plist"; sourceTree = "<group>"; };
		A1DE34682E984E23007944E3 /* Config.plist */ = {isa = PBXFileReference; lastKnownFileType = text.plist.xml; path = Config.plist; sourceTree = "<group>"; };
/* End PBXFileReference section */

/* Begin PBXFileSystemSynchronizedBuildFileExceptionSet section */
		3056BC572DCC572F00141C0C /* Exceptions for "ChefHelper" folder in "ChefHelper" target */ = {
			isa = PBXFileSystemSynchronizedBuildFileExceptionSet;
			membershipExceptions = (
				Info.plist,
			);
			target = 30D9E0522DA60DC0001CDE03 /* ChefHelper */;
		};
/* End PBXFileSystemSynchronizedBuildFileExceptionSet section */

/* Begin PBXFileSystemSynchronizedRootGroup section */
		30501B422DC331C700CB2198 /* Features */ = {
			isa = PBXFileSystemSynchronizedRootGroup;
			path = Features;
			sourceTree = "<group>";
		};
		30501B4C2DC332B100CB2198 /* Shared */ = {
			isa = PBXFileSystemSynchronizedRootGroup;
			path = Shared;
			sourceTree = "<group>";
		};
		30A657B12DC61CB90032C368 /* Coordinators */ = {
			isa = PBXFileSystemSynchronizedRootGroup;
			path = Coordinators;
			sourceTree = "<group>";
		};
		30D9E0552DA60DC0001CDE03 /* ChefHelper */ = {
			isa = PBXFileSystemSynchronizedRootGroup;
			exceptions = (
				3056BC572DCC572F00141C0C /* Exceptions for "ChefHelper" folder in "ChefHelper" target */,
			);
			path = ChefHelper;
			sourceTree = "<group>";
		};
		A15218862E9509FD000950AA /* AR */ = {
			isa = PBXFileSystemSynchronizedRootGroup;
			path = AR;
			sourceTree = "<group>";
		};
		FCCA81082DD7BC8E003346E7 /* Routing */ = {
			isa = PBXFileSystemSynchronizedRootGroup;
			path = Routing;
			sourceTree = "<group>";
		};
/* End PBXFileSystemSynchronizedRootGroup section */

/* Begin PBXFrameworksBuildPhase section */
		30D9E0502DA60DC0001CDE03 /* Frameworks */ = {
			isa = PBXFrameworksBuildPhase;
			buildActionMask = 2147483647;
			files = (
				68CE26C82DD88BFF00365F01 /* FirebaseDatabase in Frameworks */,
				30DC270C2DD592D10081F80C /* GoogleGenerativeAI in Frameworks */,
				30DC27092DD591E20081F80C /* RealityKit.framework in Frameworks */,
				688718182DDBB15F002A81AF /* Kingfisher in Frameworks */,
				30DC27072DD591D00081F80C /* ARKit.framework in Frameworks */,
				68CE26CC2DD88C6200365F01 /* FirebaseCore in Frameworks */,
				68CE26CE2DD88C6200365F01 /* FirebaseStorage in Frameworks */,
				68CE26C62DD88BFF00365F01 /* FirebaseAuth in Frameworks */,
				68CE26CA2DD88BFF00365F01 /* FirebaseFirestore in Frameworks */,
			);
			runOnlyForDeploymentPostprocessing = 0;
		};
/* End PBXFrameworksBuildPhase section */

/* Begin PBXGroup section */
		30D9E04A2DA60DC0001CDE03 = {
			isa = PBXGroup;
			children = (
				A15D05F42E99B66C0090E350 /* GoogleService-Info.plist */,
				A1DE34682E984E23007944E3 /* Config.plist */,
				A15218862E9509FD000950AA /* AR */,
				FCCA81082DD7BC8E003346E7 /* Routing */,
				30501B4C2DC332B100CB2198 /* Shared */,
				30D9E0552DA60DC0001CDE03 /* ChefHelper */,
				30501B422DC331C700CB2198 /* Features */,
				30A657B12DC61CB90032C368 /* Coordinators */,
				30DC27052DD591D00081F80C /* Frameworks */,
				30AB0E1D2DD64F2700101557 /* ChefHelper.app */,
				A15218EE2E97A205000950AA /* Recovered References */,
			);
			sourceTree = "<group>";
		};
		30DC27052DD591D00081F80C /* Frameworks */ = {
			isa = PBXGroup;
			children = (
				30DC27082DD591E20081F80C /* RealityKit.framework */,
				30DC27062DD591D00081F80C /* ARKit.framework */,
			);
			name = Frameworks;
			sourceTree = "<group>";
		};
		A15218EE2E97A205000950AA /* Recovered References */ = {
			isa = PBXGroup;
			children = (
			);
			name = "Recovered References";
			sourceTree = "<group>";
		};
/* End PBXGroup section */

/* Begin PBXNativeTarget section */
		30D9E0522DA60DC0001CDE03 /* ChefHelper */ = {
			isa = PBXNativeTarget;
			buildConfigurationList = 30D9E0612DA60DC1001CDE03 /* Build configuration list for PBXNativeTarget "ChefHelper" */;
			buildPhases = (
				30D9E04F2DA60DC0001CDE03 /* Sources */,
				30D9E0502DA60DC0001CDE03 /* Frameworks */,
				30D9E0512DA60DC0001CDE03 /* Resources */,
			);
			buildRules = (
			);
			dependencies = (
			);
			fileSystemSynchronizedGroups = (
				30501B422DC331C700CB2198 /* Features */,
				30501B4C2DC332B100CB2198 /* Shared */,
				30A657B12DC61CB90032C368 /* Coordinators */,
				30D9E0552DA60DC0001CDE03 /* ChefHelper */,
				A15218862E9509FD000950AA /* AR */,
				FCCA81082DD7BC8E003346E7 /* Routing */,
			);
			name = ChefHelper;
			packageProductDependencies = (
				30DC270B2DD592D10081F80C /* GoogleGenerativeAI */,
				68CE26C52DD88BFF00365F01 /* FirebaseAuth */,
				68CE26C72DD88BFF00365F01 /* FirebaseDatabase */,
				68CE26C92DD88BFF00365F01 /* FirebaseFirestore */,
				68CE26CB2DD88C6200365F01 /* FirebaseCore */,
				68CE26CD2DD88C6200365F01 /* FirebaseStorage */,
				688718172DDBB15F002A81AF /* Kingfisher */,
			);
			productName = ChefHelper;
			productReference = 30AB0E1D2DD64F2700101557 /* ChefHelper.app */;
			productType = "com.apple.product-type.application";
		};
/* End PBXNativeTarget section */

/* Begin PBXProject section */
		30D9E04B2DA60DC0001CDE03 /* Project object */ = {
			isa = PBXProject;
			attributes = {
				BuildIndependentTargetsInParallel = 1;
				LastSwiftUpdateCheck = 1620;
				LastUpgradeCheck = 2600;
				TargetAttributes = {
					30D9E0522DA60DC0001CDE03 = {
						CreatedOnToolsVersion = 16.2;
					};
				};
			};
			buildConfigurationList = 30D9E04E2DA60DC0001CDE03 /* Build configuration list for PBXProject "ChefHelper" */;
			developmentRegion = en;
			hasScannedForEncodings = 0;
			knownRegions = (
				en,
				Base,
			);
			mainGroup = 30D9E04A2DA60DC0001CDE03;
			minimizedProjectReferenceProxies = 1;
			packageReferences = (
				30DC270A2DD592D10081F80C /* XCRemoteSwiftPackageReference "generative-ai-swift" */,
				68CE26C42DD88BFF00365F01 /* XCRemoteSwiftPackageReference "firebase-ios-sdk" */,
				688718162DDBB15F002A81AF /* XCRemoteSwiftPackageReference "Kingfisher" */,
			);
			preferredProjectObjectVersion = 77;
			productRefGroup = 30D9E04A2DA60DC0001CDE03;
			projectDirPath = "";
			projectRoot = "";
			targets = (
				30D9E0522DA60DC0001CDE03 /* ChefHelper */,
			);
		};
/* End PBXProject section */

/* Begin PBXResourcesBuildPhase section */
		30D9E0512DA60DC0001CDE03 /* Resources */ = {
			isa = PBXResourcesBuildPhase;
			buildActionMask = 2147483647;
			files = (
				A1DE34692E984E23007944E3 /* Config.plist in Resources */,
				A15D05F52E99B66C0090E350 /* GoogleService-Info.plist in Resources */,
			);
			runOnlyForDeploymentPostprocessing = 0;
		};
/* End PBXResourcesBuildPhase section */

/* Begin PBXSourcesBuildPhase section */
		30D9E04F2DA60DC0001CDE03 /* Sources */ = {
			isa = PBXSourcesBuildPhase;
			buildActionMask = 2147483647;
			files = (
			);
			runOnlyForDeploymentPostprocessing = 0;
		};
/* End PBXSourcesBuildPhase section */

/* Begin XCBuildConfiguration section */
		30D9E05F2DA60DC1001CDE03 /* Debug */ = {
			isa = XCBuildConfiguration;
			buildSettings = {
				ALWAYS_SEARCH_USER_PATHS = NO;
				ASSETCATALOG_COMPILER_GENERATE_SWIFT_ASSET_SYMBOL_EXTENSIONS = YES;
				CLANG_ANALYZER_NONNULL = YES;
				CLANG_ANALYZER_NUMBER_OBJECT_CONVERSION = YES_AGGRESSIVE;
				CLANG_CXX_LANGUAGE_STANDARD = "gnu++20";
				CLANG_ENABLE_MODULES = YES;
				CLANG_ENABLE_OBJC_ARC = YES;
				CLANG_ENABLE_OBJC_WEAK = YES;
				CLANG_WARN_BLOCK_CAPTURE_AUTORELEASING = YES;
				CLANG_WARN_BOOL_CONVERSION = YES;
				CLANG_WARN_COMMA = YES;
				CLANG_WARN_CONSTANT_CONVERSION = YES;
				CLANG_WARN_DEPRECATED_OBJC_IMPLEMENTATIONS = YES;
				CLANG_WARN_DIRECT_OBJC_ISA_USAGE = YES_ERROR;
				CLANG_WARN_DOCUMENTATION_COMMENTS = YES;
				CLANG_WARN_EMPTY_BODY = YES;
				CLANG_WARN_ENUM_CONVERSION = YES;
				CLANG_WARN_INFINITE_RECURSION = YES;
				CLANG_WARN_INT_CONVERSION = YES;
				CLANG_WARN_NON_LITERAL_NULL_CONVERSION = YES;
				CLANG_WARN_OBJC_IMPLICIT_RETAIN_SELF = YES;
				CLANG_WARN_OBJC_LITERAL_CONVERSION = YES;
				CLANG_WARN_OBJC_ROOT_CLASS = YES_ERROR;
				CLANG_WARN_QUOTED_INCLUDE_IN_FRAMEWORK_HEADER = YES;
				CLANG_WARN_RANGE_LOOP_ANALYSIS = YES;
				CLANG_WARN_STRICT_PROTOTYPES = YES;
				CLANG_WARN_SUSPICIOUS_MOVE = YES;
				CLANG_WARN_UNGUARDED_AVAILABILITY = YES_AGGRESSIVE;
				CLANG_WARN_UNREACHABLE_CODE = YES;
				CLANG_WARN__DUPLICATE_METHOD_MATCH = YES;
				COPY_PHASE_STRIP = NO;
				DEBUG_INFORMATION_FORMAT = dwarf;
				DEVELOPMENT_TEAM = YB987PVDMC;
				ENABLE_STRICT_OBJC_MSGSEND = YES;
				ENABLE_TESTABILITY = YES;
				ENABLE_USER_SCRIPT_SANDBOXING = YES;
				GCC_C_LANGUAGE_STANDARD = gnu17;
				GCC_DYNAMIC_NO_PIC = NO;
				GCC_NO_COMMON_BLOCKS = YES;
				GCC_OPTIMIZATION_LEVEL = 0;
				GCC_PREPROCESSOR_DEFINITIONS = (
					"DEBUG=1",
					"$(inherited)",
				);
				GCC_WARN_64_TO_32_BIT_CONVERSION = YES;
				GCC_WARN_ABOUT_RETURN_TYPE = YES_ERROR;
				GCC_WARN_UNDECLARED_SELECTOR = YES;
				GCC_WARN_UNINITIALIZED_AUTOS = YES_AGGRESSIVE;
				GCC_WARN_UNUSED_FUNCTION = YES;
				GCC_WARN_UNUSED_VARIABLE = YES;
				GENERATE_INFOPLIST_FILE = YES;
				INFOPLIST_FILE = "";
				INFOPLIST_PREPROCESS = NO;
				IPHONEOS_DEPLOYMENT_TARGET = 18.2;
				LOCALIZATION_PREFERS_STRING_CATALOGS = YES;
				MTL_ENABLE_DEBUG_INFO = INCLUDE_SOURCE;
				MTL_FAST_MATH = YES;
				ONLY_ACTIVE_ARCH = YES;
				SDKROOT = iphoneos;
				STRING_CATALOG_GENERATE_SYMBOLS = YES;
				SWIFT_ACTIVE_COMPILATION_CONDITIONS = "DEBUG $(inherited)";
				SWIFT_OPTIMIZATION_LEVEL = "-Onone";
			};
			name = Debug;
		};
		30D9E0602DA60DC1001CDE03 /* Release */ = {
			isa = XCBuildConfiguration;
			buildSettings = {
				ALWAYS_SEARCH_USER_PATHS = NO;
				ASSETCATALOG_COMPILER_GENERATE_SWIFT_ASSET_SYMBOL_EXTENSIONS = YES;
				CLANG_ANALYZER_NONNULL = YES;
				CLANG_ANALYZER_NUMBER_OBJECT_CONVERSION = YES_AGGRESSIVE;
				CLANG_CXX_LANGUAGE_STANDARD = "gnu++20";
				CLANG_ENABLE_MODULES = YES;
				CLANG_ENABLE_OBJC_ARC = YES;
				CLANG_ENABLE_OBJC_WEAK = YES;
				CLANG_WARN_BLOCK_CAPTURE_AUTORELEASING = YES;
				CLANG_WARN_BOOL_CONVERSION = YES;
				CLANG_WARN_COMMA = YES;
				CLANG_WARN_CONSTANT_CONVERSION = YES;
				CLANG_WARN_DEPRECATED_OBJC_IMPLEMENTATIONS = YES;
				CLANG_WARN_DIRECT_OBJC_ISA_USAGE = YES_ERROR;
				CLANG_WARN_DOCUMENTATION_COMMENTS = YES;
				CLANG_WARN_EMPTY_BODY = YES;
				CLANG_WARN_ENUM_CONVERSION = YES;
				CLANG_WARN_INFINITE_RECURSION = YES;
				CLANG_WARN_INT_CONVERSION = YES;
				CLANG_WARN_NON_LITERAL_NULL_CONVERSION = YES;
				CLANG_WARN_OBJC_IMPLICIT_RETAIN_SELF = YES;
				CLANG_WARN_OBJC_LITERAL_CONVERSION = YES;
				CLANG_WARN_OBJC_ROOT_CLASS = YES_ERROR;
				CLANG_WARN_QUOTED_INCLUDE_IN_FRAMEWORK_HEADER = YES;
				CLANG_WARN_RANGE_LOOP_ANALYSIS = YES;
				CLANG_WARN_STRICT_PROTOTYPES = YES;
				CLANG_WARN_SUSPICIOUS_MOVE = YES;
				CLANG_WARN_UNGUARDED_AVAILABILITY = YES_AGGRESSIVE;
				CLANG_WARN_UNREACHABLE_CODE = YES;
				CLANG_WARN__DUPLICATE_METHOD_MATCH = YES;
				COPY_PHASE_STRIP = NO;
				DEBUG_INFORMATION_FORMAT = "dwarf-with-dsym";
				DEVELOPMENT_TEAM = YB987PVDMC;
				ENABLE_NS_ASSERTIONS = NO;
				ENABLE_STRICT_OBJC_MSGSEND = YES;
				ENABLE_USER_SCRIPT_SANDBOXING = YES;
				GCC_C_LANGUAGE_STANDARD = gnu17;
				GCC_NO_COMMON_BLOCKS = YES;
				GCC_WARN_64_TO_32_BIT_CONVERSION = YES;
				GCC_WARN_ABOUT_RETURN_TYPE = YES_ERROR;
				GCC_WARN_UNDECLARED_SELECTOR = YES;
				GCC_WARN_UNINITIALIZED_AUTOS = YES_AGGRESSIVE;
				GCC_WARN_UNUSED_FUNCTION = YES;
				GCC_WARN_UNUSED_VARIABLE = YES;
				GENERATE_INFOPLIST_FILE = YES;
				INFOPLIST_FILE = "";
				INFOPLIST_PREPROCESS = NO;
				IPHONEOS_DEPLOYMENT_TARGET = 18.2;
				LOCALIZATION_PREFERS_STRING_CATALOGS = YES;
				MTL_ENABLE_DEBUG_INFO = NO;
				MTL_FAST_MATH = YES;
				SDKROOT = iphoneos;
				STRING_CATALOG_GENERATE_SYMBOLS = YES;
				SWIFT_COMPILATION_MODE = wholemodule;
				VALIDATE_PRODUCT = YES;
			};
			name = Release;
		};
		30D9E0622DA60DC1001CDE03 /* Debug */ = {
			isa = XCBuildConfiguration;
			buildSettings = {
				ASSETCATALOG_COMPILER_APPICON_NAME = AppIcon;
				ASSETCATALOG_COMPILER_GLOBAL_ACCENT_COLOR_NAME = AccentColor;
				CODE_SIGN_IDENTITY = "Apple Development";
				CODE_SIGN_STYLE = Automatic;
				CURRENT_PROJECT_VERSION = 1;
				DEVELOPMENT_ASSET_PATHS = "\"ChefHelper/Preview Content\"";
				DEVELOPMENT_TEAM = 3QR9BMG5N4;
				ENABLE_PREVIEWS = YES;
				GCC_OPTIMIZATION_LEVEL = 0;
				GENERATE_INFOPLIST_FILE = NO;
				INFOPLIST_FILE = ChefHelper/Info.plist;
				INFOPLIST_KEY_CFBundleDisplayName = "";
				INFOPLIST_KEY_NSCameraUsageDescription = "需要開啟權限";
				INFOPLIST_KEY_NSPhotoLibraryAddUsageDescription = "需要相簿權限";
				INFOPLIST_KEY_UIApplicationSceneManifest_Generation = YES;
				INFOPLIST_KEY_UIApplicationSupportsIndirectInputEvents = YES;
				INFOPLIST_KEY_UILaunchScreen_Generation = YES;
				INFOPLIST_KEY_UISupportedInterfaceOrientations_iPad = "UIInterfaceOrientationPortrait UIInterfaceOrientationPortraitUpsideDown UIInterfaceOrientationLandscapeLeft UIInterfaceOrientationLandscapeRight";
				INFOPLIST_KEY_UISupportedInterfaceOrientations_iPhone = "UIInterfaceOrientationPortrait UIInterfaceOrientationLandscapeLeft UIInterfaceOrientationLandscapeRight";
				IPHONEOS_DEPLOYMENT_TARGET = 18.0;
				LD_RUNPATH_SEARCH_PATHS = (
					"$(inherited)",
					"@executable_path/Frameworks",
				);
				MARKETING_VERSION = 1.0;
				PRODUCT_BUNDLE_IDENTIFIER = com.rong.ChefHelper12;
				PRODUCT_NAME = "$(TARGET_NAME)";
				PROVISIONING_PROFILE_SPECIFIER = "";
				SWIFT_EMIT_LOC_STRINGS = YES;
				SWIFT_OPTIMIZATION_LEVEL = "-Onone";
				SWIFT_VERSION = 5.0;
				TARGETED_DEVICE_FAMILY = "1,2";
			};
			name = Debug;
		};
		30D9E0632DA60DC1001CDE03 /* Release */ = {
			isa = XCBuildConfiguration;
			buildSettings = {
				ASSETCATALOG_COMPILER_APPICON_NAME = AppIcon;
				ASSETCATALOG_COMPILER_GLOBAL_ACCENT_COLOR_NAME = AccentColor;
				CODE_SIGN_IDENTITY = "Apple Development";
				CODE_SIGN_STYLE = Automatic;
				CURRENT_PROJECT_VERSION = 1;
				DEVELOPMENT_ASSET_PATHS = "\"ChefHelper/Preview Content\"";
				DEVELOPMENT_TEAM = NS9C26NG58;
				ENABLE_PREVIEWS = YES;
				GENERATE_INFOPLIST_FILE = NO;
				INFOPLIST_FILE = ChefHelper/Info.plist;
				INFOPLIST_KEY_CFBundleDisplayName = "";
				INFOPLIST_KEY_NSCameraUsageDescription = "需要開啟權限";
				INFOPLIST_KEY_NSPhotoLibraryAddUsageDescription = "需要相簿權限";
				INFOPLIST_KEY_UIApplicationSceneManifest_Generation = YES;
				INFOPLIST_KEY_UIApplicationSupportsIndirectInputEvents = YES;
				INFOPLIST_KEY_UILaunchScreen_Generation = YES;
				INFOPLIST_KEY_UISupportedInterfaceOrientations_iPad = "UIInterfaceOrientationPortrait UIInterfaceOrientationPortraitUpsideDown UIInterfaceOrientationLandscapeLeft UIInterfaceOrientationLandscapeRight";
				INFOPLIST_KEY_UISupportedInterfaceOrientations_iPhone = "UIInterfaceOrientationPortrait UIInterfaceOrientationLandscapeLeft UIInterfaceOrientationLandscapeRight";
				IPHONEOS_DEPLOYMENT_TARGET = 18.0;
				LD_RUNPATH_SEARCH_PATHS = (
					"$(inherited)",
					"@executable_path/Frameworks",
				);
				MARKETING_VERSION = 1.0;
				PRODUCT_BUNDLE_IDENTIFIER = com.rong.ChefHelper123;
				PRODUCT_NAME = "$(TARGET_NAME)";
				PROVISIONING_PROFILE_SPECIFIER = "";
				SWIFT_COMPILATION_MODE = wholemodule;
				SWIFT_EMIT_LOC_STRINGS = YES;
				SWIFT_OPTIMIZATION_LEVEL = "-Onone";
				SWIFT_VERSION = 5.0;
				TARGETED_DEVICE_FAMILY = "1,2";
			};
			name = Release;
		};
/* End XCBuildConfiguration section */

/* Begin XCConfigurationList section */
		30D9E04E2DA60DC0001CDE03 /* Build configuration list for PBXProject "ChefHelper" */ = {
			isa = XCConfigurationList;
			buildConfigurations = (
				30D9E05F2DA60DC1001CDE03 /* Debug */,
				30D9E0602DA60DC1001CDE03 /* Release */,
			);
			defaultConfigurationIsVisible = 0;
			defaultConfigurationName = Release;
		};
		30D9E0612DA60DC1001CDE03 /* Build configuration list for PBXNativeTarget "ChefHelper" */ = {
			isa = XCConfigurationList;
			buildConfigurations = (
				30D9E0622DA60DC1001CDE03 /* Debug */,
				30D9E0632DA60DC1001CDE03 /* Release */,
			);
			defaultConfigurationIsVisible = 0;
			defaultConfigurationName = Release;
		};
/* End XCConfigurationList section */

/* Begin XCRemoteSwiftPackageReference section */
		30DC270A2DD592D10081F80C /* XCRemoteSwiftPackageReference "generative-ai-swift" */ = {
			isa = XCRemoteSwiftPackageReference;
			repositoryURL = "https://github.com/google/generative-ai-swift";
			requirement = {
				kind = upToNextMajorVersion;
				minimumVersion = 0.5.6;
			};
		};
		688718162DDBB15F002A81AF /* XCRemoteSwiftPackageReference "Kingfisher" */ = {
			isa = XCRemoteSwiftPackageReference;
			repositoryURL = "https://github.com/onevcat/Kingfisher.git";
			requirement = {
				kind = upToNextMajorVersion;
				minimumVersion = 8.3.2;
			};
		};
		68CE26C42DD88BFF00365F01 /* XCRemoteSwiftPackageReference "firebase-ios-sdk" */ = {
			isa = XCRemoteSwiftPackageReference;
			repositoryURL = "https://github.com/firebase/firebase-ios-sdk";
			requirement = {
				kind = upToNextMajorVersion;
				minimumVersion = 11.12.0;
			};
		};
/* End XCRemoteSwiftPackageReference section */

/* Begin XCSwiftPackageProductDependency section */
		30DC270B2DD592D10081F80C /* GoogleGenerativeAI */ = {
			isa = XCSwiftPackageProductDependency;
			package = 30DC270A2DD592D10081F80C /* XCRemoteSwiftPackageReference "generative-ai-swift" */;
			productName = GoogleGenerativeAI;
		};
		688718172DDBB15F002A81AF /* Kingfisher */ = {
			isa = XCSwiftPackageProductDependency;
			package = 688718162DDBB15F002A81AF /* XCRemoteSwiftPackageReference "Kingfisher" */;
			productName = Kingfisher;
		};
		68CE26C52DD88BFF00365F01 /* FirebaseAuth */ = {
			isa = XCSwiftPackageProductDependency;
			package = 68CE26C42DD88BFF00365F01 /* XCRemoteSwiftPackageReference "firebase-ios-sdk" */;
			productName = FirebaseAuth;
		};
		68CE26C72DD88BFF00365F01 /* FirebaseDatabase */ = {
			isa = XCSwiftPackageProductDependency;
			package = 68CE26C42DD88BFF00365F01 /* XCRemoteSwiftPackageReference "firebase-ios-sdk" */;
			productName = FirebaseDatabase;
		};
		68CE26C92DD88BFF00365F01 /* FirebaseFirestore */ = {
			isa = XCSwiftPackageProductDependency;
			package = 68CE26C42DD88BFF00365F01 /* XCRemoteSwiftPackageReference "firebase-ios-sdk" */;
			productName = FirebaseFirestore;
		};
		68CE26CB2DD88C6200365F01 /* FirebaseCore */ = {
			isa = XCSwiftPackageProductDependency;
			package = 68CE26C42DD88BFF00365F01 /* XCRemoteSwiftPackageReference "firebase-ios-sdk" */;
			productName = FirebaseCore;
		};
		68CE26CD2DD88C6200365F01 /* FirebaseStorage */ = {
			isa = XCSwiftPackageProductDependency;
			package = 68CE26C42DD88BFF00365F01 /* XCRemoteSwiftPackageReference "firebase-ios-sdk" */;
			productName = FirebaseStorage;
		};
/* End XCSwiftPackageProductDependency section */
	};
	rootObject = 30D9E04B2DA60DC0001CDE03 /* Project object */;
}
